
Microsoft Visual Studio Solution File, Format Version 12.00
# Visual Studio Version 17
VisualStudioVersion = 17.13.35913.81 d17.13
MinimumVisualStudioVersion = 10.0.40219.1
Project("{FAE04EC0-301F-11D3-BF4B-00C04F79EFBC}") = "MauiApp2", "MauiApp2\MauiApp2\MauiApp2.csproj", "{93BF94F6-BD0B-425D-BC0B-8024CB75C4DA}"
EndProject
Project("{FAE04EC0-301F-11D3-BF4B-00C04F79EFBC}") = "MauiApp2.Droid", "MauiApp2\MauiApp2.Droid\MauiApp2.Droid.csproj", "{ADCEFE45-331E-44D6-8B31-F9EF6FBD5966}"
EndProject
Project("{FAE04EC0-301F-11D3-BF4B-00C04F79EFBC}") = "MauiApp2.WinUI", "MauiApp2\MauiApp2.WinUI\MauiApp2.WinUI.csproj", "{EBB7D3C1-08EE-40A9-9BA8-23104F3195F2}"
EndProject
Global
	GlobalSection(SolutionConfigurationPlatforms) = preSolution
		Debug|Any CPU = Debug|Any CPU
		Release|Any CPU = Release|Any CPU
	EndGlobalSection
	GlobalSection(ProjectConfigurationPlatforms) = postSolution
		{93BF94F6-BD0B-425D-BC0B-8024CB75C4DA}.Debug|Any CPU.ActiveCfg = Debug|Any CPU
		{93BF94F6-BD0B-425D-BC0B-8024CB75C4DA}.Debug|Any CPU.Build.0 = Debug|Any CPU
		{93BF94F6-BD0B-425D-BC0B-8024CB75C4DA}.Release|Any CPU.ActiveCfg = Release|Any CPU
		{93BF94F6-BD0B-425D-BC0B-8024CB75C4DA}.Release|Any CPU.Build.0 = Release|Any CPU
		{ADCEFE45-331E-44D6-8B31-F9EF6FBD5966}.Debug|Any CPU.ActiveCfg = Debug|Any CPU
		{ADCEFE45-331E-44D6-8B31-F9EF6FBD5966}.Debug|Any CPU.Build.0 = Debug|Any CPU
		{ADCEFE45-331E-44D6-8B31-F9EF6FBD5966}.Debug|Any CPU.Deploy.0 = Debug|Any CPU
		{ADCEFE45-331E-44D6-8B31-F9EF6FBD5966}.Release|Any CPU.ActiveCfg = Release|Any CPU
		{ADCEFE45-331E-44D6-8B31-F9EF6FBD5966}.Release|Any CPU.Build.0 = Release|Any CPU
		{ADCEFE45-331E-44D6-8B31-F9EF6FBD5966}.Release|Any CPU.Deploy.0 = Release|Any CPU
		{EBB7D3C1-08EE-40A9-9BA8-23104F3195F2}.Debug|Any CPU.ActiveCfg = Debug|x64
		{EBB7D3C1-08EE-40A9-9BA8-23104F3195F2}.Debug|Any CPU.Build.0 = Debug|x64
		{EBB7D3C1-08EE-40A9-9BA8-23104F3195F2}.Release|Any CPU.ActiveCfg = Release|x64
		{EBB7D3C1-08EE-40A9-9BA8-23104F3195F2}.Release|Any CPU.Build.0 = Release|x64
	EndGlobalSection
	GlobalSection(SolutionProperties) = preSolution
		HideSolutionNode = FALSE
	EndGlobalSection
	GlobalSection(ExtensibilityGlobals) = postSolution
		SolutionGuid = {5347D75F-ABD4-4DD5-9502-C28147984B7D}
	EndGlobalSection
EndGlobal
